
Microsoft Visual Studio Solution File, Format Version 12.00
# Visual Studio Version 17
VisualStudioVersion = 17.7.34031.279
MinimumVisualStudioVersion = 10.0.40219.1
Project("{FAE04EC0-301F-11D3-BF4B-00C04F79EFBC}") = "modul8", "modul8\modul8.csproj", "{FD284849-F6A1-403B-82F5-4A5E22420FAD}"
EndProject
Global
	GlobalSection(SolutionConfigurationPlatforms) = preSolution
		Debug|Any CPU = Debug|Any CPU
		Release|Any CPU = Release|Any CPU
	EndGlobalSection
	GlobalSection(ProjectConfigurationPlatforms) = postSolution
		{FD284849-F6A1-403B-82F5-4A5E22420FAD}.Debug|Any CPU.ActiveCfg = Debug|Any CPU
		{FD284849-F6A1-403B-82F5-4A5E22420FAD}.Debug|Any CPU.Build.0 = Debug|Any CPU
		{FD284849-F6A1-403B-82F5-4A5E22420FAD}.Release|Any CPU.ActiveCfg = Release|Any CPU
		{FD284849-F6A1-403B-82F5-4A5E22420FAD}.Release|Any CPU.Build.0 = Release|Any CPU
	EndGlobalSection
	GlobalSection(SolutionProperties) = preSolution
		HideSolutionNode = FALSE
	EndGlobalSection
	GlobalSection(ExtensibilityGlobals) = postSolution
		SolutionGuid = {9FB66F82-D197-49B2-A580-94153F427F79}
	EndGlobalSection
EndGlobal
